// !$*UTF8*$!
{
	archiveVersion = 1;
	classes = {
	};
	objectVersion = 46;
	objects = {

/* Begin PBXBuildFile section */
		CBACA5AF1972B7B500321208 /* Foundation.framework in Frameworks */ = {isa = PBXBuildFile; fileRef = CBACA5AE1972B7B500321208 /* Foundation.framework */; };
		CBACA5B11972B7B500321208 /* CoreGraphics.framework in Frameworks */ = {isa = PBXBuildFile; fileRef = CBACA5B01972B7B500321208 /* CoreGraphics.framework */; };
		CBACA5B31972B7B500321208 /* UIKit.framework in Frameworks */ = {isa = PBXBuildFile; fileRef = CBACA5B21972B7B500321208 /* UIKit.framework */; };
		CBACA5B91972B7B500321208 /* InfoPlist.strings in Resources */ = {isa = PBXBuildFile; fileRef = CBACA5B71972B7B500321208 /* InfoPlist.strings */; };
		CBACA5BB1972B7B500321208 /* main.m in Sources */ = {isa = PBXBuildFile; fileRef = CBACA5BA1972B7B500321208 /* main.m */; };
		CBACA5BF1972B7B500321208 /* AppDelegate.m in Sources */ = {isa = PBXBuildFile; fileRef = CBACA5BE1972B7B500321208 /* AppDelegate.m */; };
		CBACA5C11972B7B500321208 /* Images.xcassets in Resources */ = {isa = PBXBuildFile; fileRef = CBACA5C01972B7B500321208 /* Images.xcassets */; };
		CBACA5C81972B7B500321208 /* XCTest.framework in Frameworks */ = {isa = PBXBuildFile; fileRef = CBACA5C71972B7B500321208 /* XCTest.framework */; };
		CBACA5C91972B7B500321208 /* Foundation.framework in Frameworks */ = {isa = PBXBuildFile; fileRef = CBACA5AE1972B7B500321208 /* Foundation.framework */; };
		CBACA5CA1972B7B500321208 /* UIKit.framework in Frameworks */ = {isa = PBXBuildFile; fileRef = CBACA5B21972B7B500321208 /* UIKit.framework */; };
		CBACA5D21972B7B500321208 /* InfoPlist.strings in Resources */ = {isa = PBXBuildFile; fileRef = CBACA5D01972B7B500321208 /* InfoPlist.strings */; };
		CBACA5D41972B7B500321208 /* HomeWork4_1Tests.m in Sources */ = {isa = PBXBuildFile; fileRef = CBACA5D31972B7B500321208 /* HomeWork4_1Tests.m */; };
/* End PBXBuildFile section */

/* Begin PBXContainerItemProxy section */
		CBACA5CB1972B7B500321208 /* PBXContainerItemProxy */ = {
			isa = PBXContainerItemProxy;
			containerPortal = CBACA5A31972B7B500321208 /* Project object */;
			proxyType = 1;
			remoteGlobalIDString = CBACA5AA1972B7B500321208;
			remoteInfo = "HomeWork4-1";
		};
/* End PBXContainerItemProxy section */

/* Begin PBXFileReference section */
		CBACA5AB1972B7B500321208 /* HomeWork4-1.app */ = {isa = PBXFileReference; explicitFileType = wrapper.application; includeInIndex = 0; path = "HomeWork4-1.app"; sourceTree = BUILT_PRODUCTS_DIR; };
		CBACA5AE1972B7B500321208 /* Foundation.framework */ = {isa = PBXFileReference; lastKnownFileType = wrapper.framework; name = Foundation.framework; path = System/Library/Frameworks/Foundation.framework; sourceTree = SDKROOT; };
		CBACA5B01972B7B500321208 /* CoreGraphics.framework */ = {isa = PBXFileReference; lastKnownFileType = wrapper.framework; name = CoreGraphics.framework; path = System/Library/Frameworks/CoreGraphics.framework; sourceTree = SDKROOT; };
		CBACA5B21972B7B500321208 /* UIKit.framework */ = {isa = PBXFileReference; lastKnownFileType = wrapper.framework; name = UIKit.framework; path = System/Library/Frameworks/UIKit.framework; sourceTree = SDKROOT; };
		CBACA5B61972B7B500321208 /* HomeWork4-1-Info.plist */ = {isa = PBXFileReference; lastKnownFileType = text.plist.xml; path = "HomeWork4-1-Info.plist"; sourceTree = "<group>"; };
		CBACA5B81972B7B500321208 /* en */ = {isa = PBXFileReference; lastKnownFileType = text.plist.strings; name = en; path = en.lproj/InfoPlist.strings; sourceTree = "<group>"; };
		CBACA5BA1972B7B500321208 /* main.m */ = {isa = PBXFileReference; lastKnownFileType = sourcecode.c.objc; path = main.m; sourceTree = "<group>"; };
		CBACA5BC1972B7B500321208 /* HomeWork4-1-Prefix.pch */ = {isa = PBXFileReference; lastKnownFileType = sourcecode.c.h; path = "HomeWork4-1-Prefix.pch"; sourceTree = "<group>"; };
		CBACA5BD1972B7B500321208 /* AppDelegate.h */ = {isa = PBXFileReference; lastKnownFileType = sourcecode.c.h; path = AppDelegate.h; sourceTree = "<group>"; };
		CBACA5BE1972B7B500321208 /* AppDelegate.m */ = {isa = PBXFileReference; lastKnownFileType = sourcecode.c.objc; path = AppDelegate.m; sourceTree = "<group>"; };
		CBACA5C01972B7B500321208 /* Images.xcassets */ = {isa = PBXFileReference; lastKnownFileType = folder.assetcatalog; path = Images.xcassets; sourceTree = "<group>"; };
		CBACA5C61972B7B500321208 /* HomeWork4-1Tests.xctest */ = {isa = PBXFileReference; explicitFileType = wrapper.cfbundle; includeInIndex = 0; path = "HomeWork4-1Tests.xctest"; sourceTree = BUILT_PRODUCTS_DIR; };
		CBACA5C71972B7B500321208 /* XCTest.framework */ = {isa = PBXFileReference; lastKnownFileType = wrapper.framework; name = XCTest.framework; path = Library/Frameworks/XCTest.framework; sourceTree = DEVELOPER_DIR; };
		CBACA5CF1972B7B500321208 /* HomeWork4-1Tests-Info.plist */ = {isa = PBXFileReference; lastKnownFileType = text.plist.xml; path = "HomeWork4-1Tests-Info.plist"; sourceTree = "<group>"; };
		CBACA5D11972B7B500321208 /* en */ = {isa = PBXFileReference; lastKnownFileType = text.plist.strings; name = en; path = en.lproj/InfoPlist.strings; sourceTree = "<group>"; };
		CBACA5D31972B7B500321208 /* HomeWork4_1Tests.m */ = {isa = PBXFileReference; lastKnownFileType = sourcecode.c.objc; path = HomeWork4_1Tests.m; sourceTree = "<group>"; };
/* End PBXFileReference section */

/* Begin PBXFrameworksBuildPhase section */
		CBACA5A81972B7B500321208 /* Frameworks */ = {
			isa = PBXFrameworksBuildPhase;
			buildActionMask = 2147483647;
			files = (
				CBACA5B11972B7B500321208 /* CoreGraphics.framework in Frameworks */,
				CBACA5B31972B7B500321208 /* UIKit.framework in Frameworks */,
				CBACA5AF1972B7B500321208 /* Foundation.framework in Frameworks */,
			);
			runOnlyForDeploymentPostprocessing = 0;
		};
		CBACA5C31972B7B500321208 /* Frameworks */ = {
			isa = PBXFrameworksBuildPhase;
			buildActionMask = 2147483647;
			files = (
				CBACA5C81972B7B500321208 /* XCTest.framework in Frameworks */,
				CBACA5CA1972B7B500321208 /* UIKit.framework in Frameworks */,
				CBACA5C91972B7B500321208 /* Foundation.framework in Frameworks */,
			);
			runOnlyForDeploymentPostprocessing = 0;
		};
/* End PBXFrameworksBuildPhase section */

/* Begin PBXGroup section */
		CBACA5A21972B7B500321208 = {
			isa = PBXGroup;
			children = (
				CBACA5B41972B7B500321208 /* HomeWork4-1 */,
				CBACA5CD1972B7B500321208 /* HomeWork4-1Tests */,
				CBACA5AD1972B7B500321208 /* Frameworks */,
				CBACA5AC1972B7B500321208 /* Products */,
			);
			sourceTree = "<group>";
		};
		CBACA5AC1972B7B500321208 /* Products */ = {
			isa = PBXGroup;
			children = (
				CBACA5AB1972B7B500321208 /* HomeWork4-1.app */,
				CBACA5C61972B7B500321208 /* HomeWork4-1Tests.xctest */,
			);
			name = Products;
			sourceTree = "<group>";
		};
		CBACA5AD1972B7B500321208 /* Frameworks */ = {
			isa = PBXGroup;
			children = (
				CBACA5AE1972B7B500321208 /* Foundation.framework */,
				CBACA5B01972B7B500321208 /* CoreGraphics.framework */,
				CBACA5B21972B7B500321208 /* UIKit.framework */,
				CBACA5C71972B7B500321208 /* XCTest.framework */,
			);
			name = Frameworks;
			sourceTree = "<group>";
		};
		CBACA5B41972B7B500321208 /* HomeWork4-1 */ = {
			isa = PBXGroup;
			children = (
				CBACA5BD1972B7B500321208 /* AppDelegate.h */,
				CBACA5BE1972B7B500321208 /* AppDelegate.m */,
				CBACA5C01972B7B500321208 /* Images.xcassets */,
				CBACA5B51972B7B500321208 /* Supporting Files */,
			);
			path = "HomeWork4-1";
			sourceTree = "<group>";
		};
		CBACA5B51972B7B500321208 /* Supporting Files */ = {
			isa = PBXGroup;
			children = (
				CBACA5B61972B7B500321208 /* HomeWork4-1-Info.plist */,
				CBACA5B71972B7B500321208 /* InfoPlist.strings */,
				CBACA5BA1972B7B500321208 /* main.m */,
				CBACA5BC1972B7B500321208 /* HomeWork4-1-Prefix.pch */,
			);
			name = "Supporting Files";
			sourceTree = "<group>";
		};
		CBACA5CD1972B7B500321208 /* HomeWork4-1Tests */ = {
			isa = PBXGroup;
			children = (
				CBACA5D31972B7B500321208 /* HomeWork4_1Tests.m */,
				CBACA5CE1972B7B500321208 /* Supporting Files */,
			);
			path = "HomeWork4-1Tests";
			sourceTree = "<group>";
		};
		CBACA5CE1972B7B500321208 /* Supporting Files */ = {
			isa = PBXGroup;
			children = (
				CBACA5CF1972B7B500321208 /* HomeWork4-1Tests-Info.plist */,
				CBACA5D01972B7B500321208 /* InfoPlist.strings */,
			);
			name = "Supporting Files";
			sourceTree = "<group>";
		};
/* End PBXGroup section */

/* Begin PBXNativeTarget section */
		CBACA5AA1972B7B500321208 /* HomeWork4-1 */ = {
			isa = PBXNativeTarget;
			buildConfigurationList = CBACA5D71972B7B500321208 /* Build configuration list for PBXNativeTarget "HomeWork4-1" */;
			buildPhases = (
				CBACA5A71972B7B500321208 /* Sources */,
				CBACA5A81972B7B500321208 /* Frameworks */,
				CBACA5A91972B7B500321208 /* Resources */,
			);
			buildRules = (
			);
			dependencies = (
			);
			name = "HomeWork4-1";
			productName = "HomeWork4-1";
			productReference = CBACA5AB1972B7B500321208 /* HomeWork4-1.app */;
			productType = "com.apple.product-type.application";
		};
		CBACA5C51972B7B500321208 /* HomeWork4-1Tests */ = {
			isa = PBXNativeTarget;
			buildConfigurationList = CBACA5DA1972B7B500321208 /* Build configuration list for PBXNativeTarget "HomeWork4-1Tests" */;
			buildPhases = (
				CBACA5C21972B7B500321208 /* Sources */,
				CBACA5C31972B7B500321208 /* Frameworks */,
				CBACA5C41972B7B500321208 /* Resources */,
			);
			buildRules = (
			);
			dependencies = (
				CBACA5CC1972B7B500321208 /* PBXTargetDependency */,
			);
			name = "HomeWork4-1Tests";
			productName = "HomeWork4-1Tests";
			productReference = CBACA5C61972B7B500321208 /* HomeWork4-1Tests.xctest */;
			productType = "com.apple.product-type.bundle.unit-test";
		};
/* End PBXNativeTarget section */

/* Begin PBXProject section */
		CBACA5A31972B7B500321208 /* Project object */ = {
			isa = PBXProject;
			attributes = {
				LastUpgradeCheck = 0510;
				ORGANIZATIONNAME = "___FULLUSERNAME___";
				TargetAttributes = {
					CBACA5C51972B7B500321208 = {
						TestTargetID = CBACA5AA1972B7B500321208;
					};
				};
			};
			buildConfigurationList = CBACA5A61972B7B500321208 /* Build configuration list for PBXProject "HomeWork4-1" */;
			compatibilityVersion = "Xcode 3.2";
			developmentRegion = English;
			hasScannedForEncodings = 0;
			knownRegions = (
				en,
			);
			mainGroup = CBACA5A21972B7B500321208;
			productRefGroup = CBACA5AC1972B7B500321208 /* Products */;
			projectDirPath = "";
			projectRoot = "";
			targets = (
				CBACA5AA1972B7B500321208 /* HomeWork4-1 */,
				CBACA5C51972B7B500321208 /* HomeWork4-1Tests */,
			);
		};
/* End PBXProject section */

/* Begin PBXResourcesBuildPhase section */
		CBACA5A91972B7B500321208 /* Resources */ = {
			isa = PBXResourcesBuildPhase;
			buildActionMask = 2147483647;
			files = (
				CBACA5B91972B7B500321208 /* InfoPlist.strings in Resources */,
				CBACA5C11972B7B500321208 /* Images.xcassets in Resources */,
			);
			runOnlyForDeploymentPostprocessing = 0;
		};
		CBACA5C41972B7B500321208 /* Resources */ = {
			isa = PBXResourcesBuildPhase;
			buildActionMask = 2147483647;
			files = (
				CBACA5D21972B7B500321208 /* InfoPlist.strings in Resources */,
			);
			runOnlyForDeploymentPostprocessing = 0;
		};
/* End PBXResourcesBuildPhase section */

/* Begin PBXSourcesBuildPhase section */
		CBACA5A71972B7B500321208 /* Sources */ = {
			isa = PBXSourcesBuildPhase;
			buildActionMask = 2147483647;
			files = (
				CBACA5BF1972B7B500321208 /* AppDelegate.m in Sources */,
				CBACA5BB1972B7B500321208 /* main.m in Sources */,
			);
			runOnlyForDeploymentPostprocessing = 0;
		};
		CBACA5C21972B7B500321208 /* Sources */ = {
			isa = PBXSourcesBuildPhase;
			buildActionMask = 2147483647;
			files = (
				CBACA5D41972B7B500321208 /* HomeWork4_1Tests.m in Sources */,
			);
			runOnlyForDeploymentPostprocessing = 0;
		};
/* End PBXSourcesBuildPhase section */

/* Begin PBXTargetDependency section */
		CBACA5CC1972B7B500321208 /* PBXTargetDependency */ = {
			isa = PBXTargetDependency;
			target = CBACA5AA1972B7B500321208 /* HomeWork4-1 */;
			targetProxy = CBACA5CB1972B7B500321208 /* PBXContainerItemProxy */;
		};
/* End PBXTargetDependency section */

/* Begin PBXVariantGroup section */
		CBACA5B71972B7B500321208 /* InfoPlist.strings */ = {
			isa = PBXVariantGroup;
			children = (
				CBACA5B81972B7B500321208 /* en */,
			);
			name = InfoPlist.strings;
			sourceTree = "<group>";
		};
		CBACA5D01972B7B500321208 /* InfoPlist.strings */ = {
			isa = PBXVariantGroup;
			children = (
				CBACA5D11972B7B500321208 /* en */,
			);
			name = InfoPlist.strings;
			sourceTree = "<group>";
		};
/* End PBXVariantGroup section */

/* Begin XCBuildConfiguration section */
		CBACA5D51972B7B500321208 /* Debug */ = {
			isa = XCBuildConfiguration;
			buildSettings = {
				ALWAYS_SEARCH_USER_PATHS = NO;
				CLANG_CXX_LANGUAGE_STANDARD = "gnu++0x";
				CLANG_CXX_LIBRARY = "libc++";
				CLANG_ENABLE_MODULES = YES;
				CLANG_ENABLE_OBJC_ARC = YES;
				CLANG_WARN_BOOL_CONVERSION = YES;
				CLANG_WARN_CONSTANT_CONVERSION = YES;
				CLANG_WARN_DIRECT_OBJC_ISA_USAGE = YES_ERROR;
				CLANG_WARN_EMPTY_BODY = YES;
				CLANG_WARN_ENUM_CONVERSION = YES;
				CLANG_WARN_INT_CONVERSION = YES;
				CLANG_WARN_OBJC_ROOT_CLASS = YES_ERROR;
				CLANG_WARN__DUPLICATE_METHOD_MATCH = YES;
				"CODE_SIGN_IDENTITY[sdk=iphoneos*]" = "iPhone Developer";
				COPY_PHASE_STRIP = NO;
				GCC_C_LANGUAGE_STANDARD = gnu99;
				GCC_DYNAMIC_NO_PIC = NO;
				GCC_OPTIMIZATION_LEVEL = 0;
				GCC_PREPROCESSOR_DEFINITIONS = (
					"DEBUG=1",
					"$(inherited)",
				);
				GCC_SYMBOLS_PRIVATE_EXTERN = NO;
				GCC_WARN_64_TO_32_BIT_CONVERSION = YES;
				GCC_WARN_ABOUT_RETURN_TYPE = YES_ERROR;
				GCC_WARN_UNDECLARED_SELECTOR = YES;
				GCC_WARN_UNINITIALIZED_AUTOS = YES_AGGRESSIVE;
				GCC_WARN_UNUSED_FUNCTION = YES;
				GCC_WARN_UNUSED_VARIABLE = YES;
				IPHONEOS_DEPLOYMENT_TARGET = 7.1;
				ONLY_ACTIVE_ARCH = YES;
				SDKROOT = iphoneos;
			};
			name = Debug;
		};
		CBACA5D61972B7B500321208 /* Release */ = {
			isa = XCBuildConfiguration;
			buildSettings = {
				ALWAYS_SEARCH_USER_PATHS = NO;
				CLANG_CXX_LANGUAGE_STANDARD = "gnu++0x";
				CLANG_CXX_LIBRARY = "libc++";
				CLANG_ENABLE_MODULES = YES;
				CLANG_ENABLE_OBJC_ARC = YES;
				CLANG_WARN_BOOL_CONVERSION = YES;
				CLANG_WARN_CONSTANT_CONVERSION = YES;
				CLANG_WARN_DIRECT_OBJC_ISA_USAGE = YES_ERROR;
				CLANG_WARN_EMPTY_BODY = YES;
				CLANG_WARN_ENUM_CONVERSION = YES;
				CLANG_WARN_INT_CONVERSION = YES;
				CLANG_WARN_OBJC_ROOT_CLASS = YES_ERROR;
				CLANG_WARN__DUPLICATE_METHOD_MATCH = YES;
				"CODE_SIGN_IDENTITY[sdk=iphoneos*]" = "iPhone Developer";
				COPY_PHASE_STRIP = YES;
				ENABLE_NS_ASSERTIONS = NO;
				GCC_C_LANGUAGE_STANDARD = gnu99;
				GCC_WARN_64_TO_32_BIT_CONVERSION = YES;
				GCC_WARN_ABOUT_RETURN_TYPE = YES_ERROR;
				GCC_WARN_UNDECLARED_SELECTOR = YES;
				GCC_WARN_UNINITIALIZED_AUTOS = YES_AGGRESSIVE;
				GCC_WARN_UNUSED_FUNCTION = YES;
				GCC_WARN_UNUSED_VARIABLE = YES;
				IPHONEOS_DEPLOYMENT_TARGET = 7.1;
				SDKROOT = iphoneos;
				VALIDATE_PRODUCT = YES;
			};
			name = Release;
		};
		CBACA5D81972B7B500321208 /* Debug */ = {
			isa = XCBuildConfiguration;
			buildSettings = {
				ASSETCATALOG_COMPILER_APPICON_NAME = AppIcon;
				ASSETCATALOG_COMPILER_LAUNCHIMAGE_NAME = LaunchImage;
				GCC_PRECOMPILE_PREFIX_HEADER = YES;
				GCC_PREFIX_HEADER = "HomeWork4-1/HomeWork4-1-Prefix.pch";
				INFOPLIST_FILE = "HomeWork4-1/HomeWork4-1-Info.plist";
				PRODUCT_NAME = "$(TARGET_NAME)";
				WRAPPER_EXTENSION = app;
			};
			name = Debug;
		};
		CBACA5D91972B7B500321208 /* Release */ = {
			isa = XCBuildConfiguration;
			buildSettings = {
				ASSETCATALOG_COMPILER_APPICON_NAME = AppIcon;
				ASSETCATALOG_COMPILER_LAUNCHIMAGE_NAME = LaunchImage;
				GCC_PRECOMPILE_PREFIX_HEADER = YES;
				GCC_PREFIX_HEADER = "HomeWork4-1/HomeWork4-1-Prefix.pch";
				INFOPLIST_FILE = "HomeWork4-1/HomeWork4-1-Info.plist";
				PRODUCT_NAME = "$(TARGET_NAME)";
				WRAPPER_EXTENSION = app;
			};
			name = Release;
		};
		CBACA5DB1972B7B500321208 /* Debug */ = {
			isa = XCBuildConfiguration;
			buildSettings = {
				BUNDLE_LOADER = "$(BUILT_PRODUCTS_DIR)/HomeWork4-1.app/HomeWork4-1";
				FRAMEWORK_SEARCH_PATHS = (
					"$(SDKROOT)/Developer/Library/Frameworks",
					"$(inherited)",
					"$(DEVELOPER_FRAMEWORKS_DIR)",
				);
				GCC_PRECOMPILE_PREFIX_HEADER = YES;
				GCC_PREFIX_HEADER = "HomeWork4-1/HomeWork4-1-Prefix.pch";
				GCC_PREPROCESSOR_DEFINITIONS = (
					"DEBUG=1",
					"$(inherited)",
				);
				INFOPLIST_FILE = "HomeWork4-1Tests/HomeWork4-1Tests-Info.plist";
				PRODUCT_NAME = "$(TARGET_NAME)";
				TEST_HOST = "$(BUNDLE_LOADER)";
				WRAPPER_EXTENSION = xctest;
			};
			name = Debug;
		};
		CBACA5DC1972B7B500321208 /* Release */ = {
			isa = XCBuildConfiguration;
			buildSettings = {
				BUNDLE_LOADER = "$(BUILT_PRODUCTS_DIR)/HomeWork4-1.app/HomeWork4-1";
				FRAMEWORK_SEARCH_PATHS = (
					"$(SDKROOT)/Developer/Library/Frameworks",
					"$(inherited)",
					"$(DEVELOPER_FRAMEWORKS_DIR)",
				);
				GCC_PRECOMPILE_PREFIX_HEADER = YES;
				GCC_PREFIX_HEADER = "HomeWork4-1/HomeWork4-1-Prefix.pch";
				INFOPLIST_FILE = "HomeWork4-1Tests/HomeWork4-1Tests-Info.plist";
				PRODUCT_NAME = "$(TARGET_NAME)";
				TEST_HOST = "$(BUNDLE_LOADER)";
				WRAPPER_EXTENSION = xctest;
			};
			name = Release;
		};
/* End XCBuildConfiguration section */

/* Begin XCConfigurationList section */
		CBACA5A61972B7B500321208 /* Build configuration list for PBXProject "HomeWork4-1" */ = {
			isa = XCConfigurationList;
			buildConfigurations = (
				CBACA5D51972B7B500321208 /* Debug */,
				CBACA5D61972B7B500321208 /* Release */,
			);
			defaultConfigurationIsVisible = 0;
			defaultConfigurationName = Release;
		};
		CBACA5D71972B7B500321208 /* Build configuration list for PBXNativeTarget "HomeWork4-1" */ = {
			isa = XCConfigurationList;
			buildConfigurations = (
				CBACA5D81972B7B500321208 /* Debug */,
				CBACA5D91972B7B500321208 /* Release */,
			);
			defaultConfigurationIsVisible = 0;
		};
		CBACA5DA1972B7B500321208 /* Build configuration list for PBXNativeTarget "HomeWork4-1Tests" */ = {
			isa = XCConfigurationList;
			buildConfigurations = (
				CBACA5DB1972B7B500321208 /* Debug */,
				CBACA5DC1972B7B500321208 /* Release */,
			);
			defaultConfigurationIsVisible = 0;
		};
/* End XCConfigurationList section */
	};
	rootObject = CBACA5A31972B7B500321208 /* Project object */;
}
